
Microsoft Visual Studio Solution File, Format Version 12.00
# Visual Studio Version 16
VisualStudioVersion = 16.0.33927.289
MinimumVisualStudioVersion = 10.0.40219.1
Project("{F184B08F-C81C-45F6-A57F-5ABD9991F28F}") = "SIAP002", "SIAP002\SIAP002.vbproj", "{DF97357D-0A54-44D1-956C-D014D6D63D41}"
EndProject
Project("{54435603-DBB4-11D2-8724-00A0C9A8B90C}") = "城主ポイント", "城主ポイント\城主ポイント.vdproj", "{234F4D31-865E-437B-AE78-03DA9FE6AC50}"
EndProject
Global
	GlobalSection(SolutionConfigurationPlatforms) = preSolution
		Debug|Any CPU = Debug|Any CPU
		Release|Any CPU = Release|Any CPU
	EndGlobalSection
	GlobalSection(ProjectConfigurationPlatforms) = postSolution
		{DF97357D-0A54-44D1-956C-D014D6D63D41}.Debug|Any CPU.ActiveCfg = Debug|Any CPU
		{DF97357D-0A54-44D1-956C-D014D6D63D41}.Debug|Any CPU.Build.0 = Debug|Any CPU
		{DF97357D-0A54-44D1-956C-D014D6D63D41}.Release|Any CPU.ActiveCfg = Release|Any CPU
		{DF97357D-0A54-44D1-956C-D014D6D63D41}.Release|Any CPU.Build.0 = Release|Any CPU
		{234F4D31-865E-437B-AE78-03DA9FE6AC50}.Debug|Any CPU.ActiveCfg = Debug
		{234F4D31-865E-437B-AE78-03DA9FE6AC50}.Release|Any CPU.ActiveCfg = Release
	EndGlobalSection
	GlobalSection(SolutionProperties) = preSolution
		HideSolutionNode = FALSE
	EndGlobalSection
	GlobalSection(ExtensibilityGlobals) = postSolution
		SolutionGuid = {88DDFCBB-5755-4CA2-9D3B-B11B3F6E1F4F}
	EndGlobalSection
EndGlobal
